{
  "name": "sendpulse",
  "version": "1.0.0",
  "lockfileVersion": 1,
  "requires": true,
  "dependencies": {
    "bluebird": {
      "version": "3.5.3",
      "resolved": "https://registry.npmjs.org/bluebird/-/bluebird-3.5.3.tgz",
      "integrity": "sha512-/qKPUQlaW1OyR51WeCPBvRnAlnZFUJkCSG5HzGnuIqhgyJtF+T94lFnn33eiazjRm2LAHVy2guNnaq48X9SJuw=="
    },
    "deeks": {
      "version": "1.0.0",
      "resolved": "https://registry.npmjs.org/deeks/-/deeks-1.0.0.tgz",
      "integrity": "sha512-4HGx4c/HCv1ZYOU0/E/805uBCJEPrDadlBtqVvhkP2SypZXVfyT3Xqu7Q3Om1SmeWnOuMaHsRLpfTIa2rIT/jQ==",
      "requires": {
        "underscore": "1.9.1"
      }
    },
    "doc-path": {
      "version": "1.3.1",
      "resolved": "https://registry.npmjs.org/doc-path/-/doc-path-1.3.1.tgz",
      "integrity": "sha512-DCi52AvveWNVudfYAD49koA2chOXw7hHpr0lhgRrvUmynyD8wvTUYNXd+NITgQgEBd1qtzorPHhFij+GvI2PqA=="
    },
    "json-2-csv": {
      "version": "2.4.0",
      "resolved": "https://registry.npmjs.org/json-2-csv/-/json-2-csv-2.4.0.tgz",
      "integrity": "sha512-+cM7yutDBl9PbYuVsJWKuNvhhm97/s9RXBKn53dSrP7E6exVL71UVTSJsJQ+M87P8Dw4j9r3odQH2UtubWD3dQ==",
      "requires": {
        "bluebird": "3.5.3",
        "deeks": "1.0.0",
        "doc-path": "1.3.1",
        "underscore": "1.9.1"
      }
    },
    "sendpulse-api": {
      "version": "1.1.0",
      "resolved": "https://registry.npmjs.org/sendpulse-api/-/sendpulse-api-1.1.0.tgz",
      "integrity": "sha512-l8Wh1Cpmk/WONdhs66PNiI5t2Rs91WZgy/CmAutwH7zJi+60sfTiAyeM09D26+Dvm/Nez7lvHNlyt9ZzZw7qzA=="
    },
    "underscore": {
      "version": "1.9.1",
      "resolved": "https://registry.npmjs.org/underscore/-/underscore-1.9.1.tgz",
      "integrity": "sha512-5/4etnCkd9c8gwgowi5/om/mYO5ajCaOgdzj/oW+0eQV9WxKBDZw5+ycmKmeaTXjInS/W0BzpGLo2xR2aBwZdg=="
    }
  }
}
